
Microsoft Visual Studio Solution File, Format Version 12.00
# Visual Studio Version 17
VisualStudioVersion = 17.8.34330.188
MinimumVisualStudioVersion = 10.0.40219.1
Project("{888888A0-9F3D-457C-B088-3A5042F75D52}") = "CIS261 Course Project", "CIS261 Course Project\CIS261 Course Project.pyproj", "{17E5F7F0-A9D7-4F70-AC65-FA8C4E5031A3}"
EndProject
Global
	GlobalSection(SolutionConfigurationPlatforms) = preSolution
		Debug|Any CPU = Debug|Any CPU
		Release|Any CPU = Release|Any CPU
	EndGlobalSection
	GlobalSection(ProjectConfigurationPlatforms) = postSolution
		{17E5F7F0-A9D7-4F70-AC65-FA8C4E5031A3}.Debug|Any CPU.ActiveCfg = Debug|Any CPU
		{17E5F7F0-A9D7-4F70-AC65-FA8C4E5031A3}.Release|Any CPU.ActiveCfg = Release|Any CPU
	EndGlobalSection
	GlobalSection(SolutionProperties) = preSolution
		HideSolutionNode = FALSE
	EndGlobalSection
	GlobalSection(ExtensibilityGlobals) = postSolution
		SolutionGuid = {EC360866-C780-40D8-AA2C-5562284E027F}
	EndGlobalSection
EndGlobal
